
Microsoft Visual Studio Solution File, Format Version 12.00
# Visual Studio Version 17
VisualStudioVersion = 17.9.34701.34
MinimumVisualStudioVersion = 10.0.40219.1
Project("{FAE04EC0-301F-11D3-BF4B-00C04F79EFBC}") = "SchoolManagementSystem", "SchoolManagementSystem\SchoolManagementSystem.csproj", "{D08BA17E-1649-492D-B9DB-69A068B27900}"
EndProject
Project("{FAE04EC0-301F-11D3-BF4B-00C04F79EFBC}") = "SchoolManagementSystem.Tests", "SchoolManagementSystem.Tests\SchoolManagementSystem.Tests.csproj", "{14715D1C-BE65-4866-B21B-6CAD080A5511}"
EndProject
Global
	GlobalSection(SolutionConfigurationPlatforms) = preSolution
		Debug|Any CPU = Debug|Any CPU
		Release|Any CPU = Release|Any CPU
	EndGlobalSection
	GlobalSection(ProjectConfigurationPlatforms) = postSolution
		{D08BA17E-1649-492D-B9DB-69A068B27900}.Debug|Any CPU.ActiveCfg = Debug|Any CPU
		{D08BA17E-1649-492D-B9DB-69A068B27900}.Debug|Any CPU.Build.0 = Debug|Any CPU
		{D08BA17E-1649-492D-B9DB-69A068B27900}.Release|Any CPU.ActiveCfg = Release|Any CPU
		{D08BA17E-1649-492D-B9DB-69A068B27900}.Release|Any CPU.Build.0 = Release|Any CPU
		{14715D1C-BE65-4866-B21B-6CAD080A5511}.Debug|Any CPU.ActiveCfg = Debug|Any CPU
		{14715D1C-BE65-4866-B21B-6CAD080A5511}.Debug|Any CPU.Build.0 = Debug|Any CPU
		{14715D1C-BE65-4866-B21B-6CAD080A5511}.Release|Any CPU.ActiveCfg = Release|Any CPU
		{14715D1C-BE65-4866-B21B-6CAD080A5511}.Release|Any CPU.Build.0 = Release|Any CPU
	EndGlobalSection
	GlobalSection(SolutionProperties) = preSolution
		HideSolutionNode = FALSE
	EndGlobalSection
	GlobalSection(ExtensibilityGlobals) = postSolution
		SolutionGuid = {0D84518F-ED55-42E4-B71C-C87062CC2A2E}
	EndGlobalSection
EndGlobal
